
Microsoft Visual Studio Solution File, Format Version 12.00
# Visual Studio Version 17
VisualStudioVersion = 17.13.35919.96
MinimumVisualStudioVersion = 10.0.40219.1
Project("{FAE04EC0-301F-11D3-BF4B-00C04F79EFBC}") = "QuanLyCuaHangTienLoi", "QuanLyCuaHangTienLoi\QuanLyCuaHangTienLoi.csproj", "{73F13264-B455-473D-A514-0C612E7EBB1D}"
EndProject
Global
	GlobalSection(SolutionConfigurationPlatforms) = preSolution
		Debug|Any CPU = Debug|Any CPU
		Release|Any CPU = Release|Any CPU
	EndGlobalSection
	GlobalSection(ProjectConfigurationPlatforms) = postSolution
		{73F13264-B455-473D-A514-0C612E7EBB1D}.Debug|Any CPU.ActiveCfg = Debug|Any CPU
		{73F13264-B455-473D-A514-0C612E7EBB1D}.Debug|Any CPU.Build.0 = Debug|Any CPU
		{73F13264-B455-473D-A514-0C612E7EBB1D}.Release|Any CPU.ActiveCfg = Release|Any CPU
		{73F13264-B455-473D-A514-0C612E7EBB1D}.Release|Any CPU.Build.0 = Release|Any CPU
	EndGlobalSection
	GlobalSection(SolutionProperties) = preSolution
		HideSolutionNode = FALSE
	EndGlobalSection
	GlobalSection(ExtensibilityGlobals) = postSolution
		SolutionGuid = {581D6E49-6A0C-44BF-8510-0B3EE76CAB06}
	EndGlobalSection
EndGlobal
